
Microsoft Visual Studio Solution File, Format Version 12.00
# Visual Studio Version 17
VisualStudioVersion = 17.3.32819.101
MinimumVisualStudioVersion = 10.0.40219.1
Project("{FAE04EC0-301F-11D3-BF4B-00C04F79EFBC}") = "COREPrograms", "COREPrograms.csproj", "{957A86FC-4457-4A7C-916E-5BE20A4D65E2}"
EndProject
Global
	GlobalSection(SolutionConfigurationPlatforms) = preSolution
		Debug|Any CPU = Debug|Any CPU
		Release|Any CPU = Release|Any CPU
	EndGlobalSection
	GlobalSection(ProjectConfigurationPlatforms) = postSolution
		{957A86FC-4457-4A7C-916E-5BE20A4D65E2}.Debug|Any CPU.ActiveCfg = Debug|Any CPU
		{957A86FC-4457-4A7C-916E-5BE20A4D65E2}.Debug|Any CPU.Build.0 = Debug|Any CPU
		{957A86FC-4457-4A7C-916E-5BE20A4D65E2}.Release|Any CPU.ActiveCfg = Release|Any CPU
		{957A86FC-4457-4A7C-916E-5BE20A4D65E2}.Release|Any CPU.Build.0 = Release|Any CPU
	EndGlobalSection
	GlobalSection(SolutionProperties) = preSolution
		HideSolutionNode = FALSE
	EndGlobalSection
	GlobalSection(ExtensibilityGlobals) = postSolution
		SolutionGuid = {40A3BD84-923E-4787-8263-1A757A329ACC}
	EndGlobalSection
EndGlobal
